
Microsoft Visual Studio Solution File, Format Version 12.00
# Visual Studio Version 16
VisualStudioVersion = 16.0.31129.286
MinimumVisualStudioVersion = 10.0.40219.1
Project("{9A19103F-16F7-4668-BE54-9A1E7A4F7556}") = "TrashClient", "TrashClient\TrashClient.csproj", "{0DF74F1E-3531-4937-A0ED-F9C7F4C2FFAA}"
EndProject
Project("{9A19103F-16F7-4668-BE54-9A1E7A4F7556}") = "trashSqsTrigger", "trashSqsTrigger\trashSqsTrigger.csproj", "{B460491B-2384-47AF-B24F-260EE3D7B8C4}"
EndProject
Global
	GlobalSection(SolutionConfigurationPlatforms) = preSolution
		Debug|Any CPU = Debug|Any CPU
		Release|Any CPU = Release|Any CPU
	EndGlobalSection
	GlobalSection(ProjectConfigurationPlatforms) = postSolution
		{0DF74F1E-3531-4937-A0ED-F9C7F4C2FFAA}.Debug|Any CPU.ActiveCfg = Debug|Any CPU
		{0DF74F1E-3531-4937-A0ED-F9C7F4C2FFAA}.Debug|Any CPU.Build.0 = Debug|Any CPU
		{0DF74F1E-3531-4937-A0ED-F9C7F4C2FFAA}.Release|Any CPU.ActiveCfg = Release|Any CPU
		{0DF74F1E-3531-4937-A0ED-F9C7F4C2FFAA}.Release|Any CPU.Build.0 = Release|Any CPU
		{B460491B-2384-47AF-B24F-260EE3D7B8C4}.Debug|Any CPU.ActiveCfg = Debug|Any CPU
		{B460491B-2384-47AF-B24F-260EE3D7B8C4}.Debug|Any CPU.Build.0 = Debug|Any CPU
		{B460491B-2384-47AF-B24F-260EE3D7B8C4}.Release|Any CPU.ActiveCfg = Release|Any CPU
		{B460491B-2384-47AF-B24F-260EE3D7B8C4}.Release|Any CPU.Build.0 = Release|Any CPU
	EndGlobalSection
	GlobalSection(SolutionProperties) = preSolution
		HideSolutionNode = FALSE
	EndGlobalSection
	GlobalSection(ExtensibilityGlobals) = postSolution
		SolutionGuid = {FE1767B4-4CF0-44C8-ABFB-99B14EBFD87B}
	EndGlobalSection
EndGlobal
